schema: '2.0'
stages:
  prepare:
    cmd: python3.11 src/prepare.py data/raw data/prepared
    deps:
    - path: data/raw
      hash: md5
      md5: 369161b3d9ad89433dab658200c2b7b7.dir
      size: 9002123
      nfiles: 1638
    - path: src/prepare.py
      hash: md5
      md5: 4eebf010d346897091c0a342aece4940
      size: 2513
    - path: src/utils/seed.py
      hash: md5
      md5: 963a551c177450f50e4f11bd1a9ab2c7
      size: 437
    params:
      params.yaml:
        prepare:
          seed: 77
          split: 0.2
          image_size:
          - 32
          - 32
          grayscale: true
    outs:
    - path: data/prepared
      hash: md5
      md5: 50db885d17aab06d5b132676c289849d.dir
      size: 6754493
      nfiles: 8
  train:
    cmd: python3.11 src/train.py data/prepared model
    deps:
    - path: data/prepared
      hash: md5
      md5: 50db885d17aab06d5b132676c289849d.dir
      size: 6754493
      nfiles: 8
    - path: src/train.py
      hash: md5
      md5: f0c533685de7ddb3f8a8d9d4c221747e
      size: 3856
    - path: src/utils/seed.py
      hash: md5
      md5: 963a551c177450f50e4f11bd1a9ab2c7
      size: 437
    params:
      params.yaml:
        train:
          seed: 77
          lr: 0.001
          epochs: 10
          conv_size: 64
          dense_size: 128
          output_classes: 11
    outs:
    - path: model
      hash: md5
      md5: b8f7d61152f7e153a81498a11300e3f9.dir
      size: 8330192
      nfiles: 2
  evaluate:
    cmd: python3.11 src/evaluate.py model data/prepared
    deps:
    - path: model
      hash: md5
      md5: b8f7d61152f7e153a81498a11300e3f9.dir
      size: 8330192
      nfiles: 2
    - path: src/evaluate.py
      hash: md5
      md5: ed775b26fb8d8b7d91f99e83ca8c42f9
      size: 5480
    outs:
    - path: evaluation/metrics.json
      hash: md5
      md5: b6272103aec324d0fc07fd0e66fed816
      size: 64
    - path: evaluation/plots/confusion_matrix.png
      hash: md5
      md5: 6cedf67ce1e74cff7ea570d548e2c373
      size: 45150
    - path: evaluation/plots/pred_preview.png
      hash: md5
      md5: afb51f63e23e565bf4f82f58af8d6fdc
      size: 46393
    - path: evaluation/plots/training_history.png
      hash: md5
      md5: 49673e615f70af20c9b7892c49313a26
      size: 36728
